{
  "version": "3",
  "packages": {
    "specifiers": {
      "jsr:@oak/commons@0.7": "jsr:@oak/commons@0.7.0",
      "jsr:@oak/oak@14.2.0": "jsr:@oak/oak@14.2.0",
      "jsr:@std/assert@0.218": "jsr:@std/assert@0.218.2",
      "jsr:@std/assert@^0.218.2": "jsr:@std/assert@0.218.2",
      "jsr:@std/bytes@0.218": "jsr:@std/bytes@0.218.2",
      "jsr:@std/bytes@^0.218.2": "jsr:@std/bytes@0.218.2",
      "jsr:@std/crypto@0.218": "jsr:@std/crypto@0.218.2",
      "jsr:@std/encoding@0.218": "jsr:@std/encoding@0.218.2",
      "jsr:@std/encoding@^0.218.2": "jsr:@std/encoding@0.218.2",
      "jsr:@std/http@0.218": "jsr:@std/http@0.218.2",
      "jsr:@std/io@0.218": "jsr:@std/io@0.218.2",
      "jsr:@std/media-types@0.218": "jsr:@std/media-types@0.218.2",
      "jsr:@std/path@0.218": "jsr:@std/path@0.218.2",
      "npm:path-to-regexp@6.2.1": "npm:path-to-regexp@6.2.1"
    },
    "jsr": {
      "@oak/commons@0.7.0": {
        "integrity": "4bd889b3dc9ddac1b602034d88c137f06de7078775961b51081beb5f175c120b"
      },
      "@oak/oak@14.2.0": {
        "integrity": "b683b089693004ac3bca80b52159b3e9ad214dc8246ff5dc61ba658da78bc166",
        "dependencies": [
          "jsr:@oak/commons@0.7",
          "jsr:@std/assert@0.218",
          "jsr:@std/bytes@0.218",
          "jsr:@std/crypto@0.218",
          "jsr:@std/encoding@0.218",
          "jsr:@std/http@0.218",
          "jsr:@std/io@0.218",
          "jsr:@std/media-types@0.218",
          "jsr:@std/path@0.218",
          "npm:path-to-regexp@6.2.1"
        ]
      },
      "@std/assert@0.218.2": {
        "integrity": "7f0a5a1a8cf86607cd6c2c030584096e1ffad27fc9271429a8cb48cfbdee5eaf"
      },
      "@std/bytes@0.218.2": {
        "integrity": "91fe54b232dcca73856b79a817247f4a651dbb60d51baafafb6408c137241670"
      },
      "@std/crypto@0.218.2": {
        "integrity": "8c5031a3a1c3ac3bed3c0d4bed2fe7e7faedcb673bbfa0edd10570c8452f5cd2",
        "dependencies": [
          "jsr:@std/assert@^0.218.2",
          "jsr:@std/encoding@^0.218.2"
        ]
      },
      "@std/encoding@0.218.2": {
        "integrity": "da55a763c29bf0dbf06fd286430b358266eb99c28789d89fe9a3e28edecb8d8e"
      },
      "@std/http@0.218.2": {
        "integrity": "54223b62702e665b9dab6373ea2e51235e093ef47228d21cfa0469ee5ac75c9b",
        "dependencies": [
          "jsr:@std/assert@^0.218.2",
          "jsr:@std/encoding@^0.218.2"
        ]
      },
      "@std/io@0.218.2": {
        "integrity": "c64fbfa087b7c9d4d386c5672f291f607d88cb7d44fc299c20c713e345f2785f",
        "dependencies": [
          "jsr:@std/bytes@^0.218.2"
        ]
      },
      "@std/media-types@0.218.2": {
        "integrity": "1ed3bd2a05e44bad3fc2bab1767d0ce7f2fd68baee62a980751ce51633acb788"
      },
      "@std/path@0.218.2": {
        "integrity": "b568fd923d9e53ad76d17c513e7310bda8e755a3e825e6289a0ce536404e2662",
        "dependencies": [
          "jsr:@std/assert@^0.218.2"
        ]
      }
    },
    "npm": {
      "path-to-regexp@6.2.1": {
        "integrity": "sha512-JLyh7xT1kizaEvcaXOQwOc2/Yhw6KZOvPf1S8401UyLk86CU79LN3vl7ztXGm/pZ+YjoyAJ4rxmHwbkBXJX+yw==",
        "dependencies": {}
      }
    }
  },
  "remote": {
    "https://deno.land/x/hono@v4.1.4/client/client.ts": "b9d07d47a7b23f007fb2ea29a3185885e85a963a63b0f921f93ae2981ee29cda",
    "https://deno.land/x/hono@v4.1.4/client/index.ts": "30def535310a37bede261f1b23d11a9758983b8e9d60a6c56309cee5f6746ab2",
    "https://deno.land/x/hono@v4.1.4/client/utils.ts": "a93e5dc542dceb892a6b39cc793689478627ba958d251794193cf26c0ecf5800",
    "https://deno.land/x/hono@v4.1.4/compose.ts": "37d6e33b7db80e4c43a0629b12fd3a1e3406e7d9e62a4bfad4b30426ea7ae4f1",
    "https://deno.land/x/hono@v4.1.4/context.ts": "3d8c8a1aaea396fe22e2db822e1a270482c7f4b3b273f8f05ae3b240408bc7b2",
    "https://deno.land/x/hono@v4.1.4/helper/cookie/index.ts": "80b98f8a014e8b03a9130cce9fb03f6175f82a64367e954d120634f8543556e2",
    "https://deno.land/x/hono@v4.1.4/hono-base.ts": "d3323a4668796cd56b9061ad34f2fa12a3c52178890cfffe27bd077e263c0ab7",
    "https://deno.land/x/hono@v4.1.4/hono.ts": "23edd0140bf0bd5a68c14ae96e5856a5cec6b844277e853b91025e91ea74f416",
    "https://deno.land/x/hono@v4.1.4/http-exception.ts": "cd387c6f7357db375ac3375f0346c6da80b46193b661881f660d6b15293fc086",
    "https://deno.land/x/hono@v4.1.4/mod.ts": "35fd2a2e14b52365e0ad66f168b067363fd0a60d75cbcb1b01685b04de97d60e",
    "https://deno.land/x/hono@v4.1.4/request.ts": "9c8061eaf4373aa122a77d1aa8e888397425bc5d78bc17c87a2c861375c4f0b3",
    "https://deno.land/x/hono@v4.1.4/router.ts": "880316f561918fc197481755aac2165fdbe2f530b925c5357a9f98d6e2cc85c7",
    "https://deno.land/x/hono@v4.1.4/router/linear-router/index.ts": "8a2a7144c50b1f4a92d9ee99c2c396716af144c868e10608255f969695efccd0",
    "https://deno.land/x/hono@v4.1.4/router/linear-router/router.ts": "928d29894e4b45b047a4f453c7f1745c8b1869cd68447e1cb710c7bbf99a4e29",
    "https://deno.land/x/hono@v4.1.4/router/pattern-router/index.ts": "304a66c50e243872037ed41c7dd79ed0c89d815e17e172e7ad7cdc4bc07d3383",
    "https://deno.land/x/hono@v4.1.4/router/pattern-router/router.ts": "1b5f68e6af942579d3a40ee834294fea3d1f05fd5f70514e46ae301dd0107e46",
    "https://deno.land/x/hono@v4.1.4/router/reg-exp-router/index.ts": "52755829213941756159b7a963097bafde5cc4fc22b13b1c7c9184dc0512d1db",
    "https://deno.land/x/hono@v4.1.4/router/reg-exp-router/node.ts": "7efaa6f4301efc2aad0519c84973061be8555da02e5868409293a1fd98536aaf",
    "https://deno.land/x/hono@v4.1.4/router/reg-exp-router/router.ts": "632f2fa426b3e45a66aeed03f7205dad6d13e8081bed6f8d1d987b6cad8fb455",
    "https://deno.land/x/hono@v4.1.4/router/reg-exp-router/trie.ts": "852ce7207e6701e47fa30889a0d2b8bfcd56d8862c97e7bc9831e0a64bd8835f",
    "https://deno.land/x/hono@v4.1.4/router/smart-router/index.ts": "74f9b4fe15ea535900f2b9b048581915f12fe94e531dd2b0032f5610e61c3bef",
    "https://deno.land/x/hono@v4.1.4/router/smart-router/router.ts": "f1848a2a1eefa316a11853ae12e749552747771fb8a11fe713ae04ea6461140b",
    "https://deno.land/x/hono@v4.1.4/router/trie-router/index.ts": "3eb75e7f71ba81801631b30de6b1f5cefb2c7239c03797e2b2cbab5085911b41",
    "https://deno.land/x/hono@v4.1.4/router/trie-router/node.ts": "5786ed7b85bb55411ede249a381412d39406497285ce23c1eafd50551dcdc632",
    "https://deno.land/x/hono@v4.1.4/router/trie-router/router.ts": "54ced78d35676302c8fcdda4204f7bdf5a7cc907fbf9967c75674b1e394f830d",
    "https://deno.land/x/hono@v4.1.4/utils/body.ts": "1c7013f83bbef8216b3d862111efd5a183eaa29e86decf9a7eec6cdf25757e93",
    "https://deno.land/x/hono@v4.1.4/utils/buffer.ts": "9066a973e64498cb262c7e932f47eed525a51677b17f90893862b7279dc0773e",
    "https://deno.land/x/hono@v4.1.4/utils/cookie.ts": "6eaaf6909a4ae11f6c82404e9398e1c247e3f1854d73994a9e2e6fc3cdf7b584",
    "https://deno.land/x/hono@v4.1.4/utils/crypto.ts": "bda0e141bbe46d3a4a20f8fbcb6380d473b617123d9fdfa93e4499410b537acc",
    "https://deno.land/x/hono@v4.1.4/utils/html.ts": "6ea4f6bf41587a51607dff7a6d2865ef4d5001e4203b07e5c8a45b63a098e871",
    "https://deno.land/x/hono@v4.1.4/utils/url.ts": "855169632c61d03703bd08cafb27664ba3fdb352892f01687d5cce8fd49e3cb1",
    "https://deno.land/x/hono@v4.1.4/validator/index.ts": "6c986e8b91dcf857ecc8164a506ae8eea8665792a4ff7215471df669c632ae7c",
    "https://deno.land/x/hono@v4.1.4/validator/validator.ts": "480a8fd7f9c750fca3c8bd196d858bc928ad96f73318de5f13e7712176afd658",
    "https://esm.sh/@drashland/drash@3.0.0-beta.2/modules/chains/RequestChain/mod.native.js": "fd55fdf388f86a1c76512c94c3ac248e8fe28221839ed9977efeca328c6a9778",
    "https://esm.sh/h3@1.11.1": "3018bf2b16382ee00e32b62f611ed89eefff15a15ec084b0258115da4b11c41d",
    "https://esm.sh/v135/@drashland/drash@3.0.0-beta.2/denonext/modules/chains/RequestChain/mod.native.js": "96e172fc318d7d049b28db682a73cec5258b56608b5a074d86ba257a8916abe0",
    "https://esm.sh/v135/cookie-es@1.0.0/denonext/cookie-es.mjs": "e46608517cb729dc23d840025fd2ffdf08383be39e4bb3aec16213075b13e4a5",
    "https://esm.sh/v135/defu@6.1.4/denonext/defu.mjs": "3f5bbee118a16b57430ca100926c801b3cd14d1ab1443972ad0aae1460c5f40c",
    "https://esm.sh/v135/destr@2.0.3/denonext/destr.mjs": "1ba48c0c9435bb88ae8217a2f15c2d396e30fc7fecc1f970cdd5d842d2094821",
    "https://esm.sh/v135/h3@1.11.1/denonext/h3.mjs": "9b747af5628c2c7c00f7bd11b9d62cc82ba1bbd9ec966b97258b944da589ad9b",
    "https://esm.sh/v135/iron-webcrypto@1.0.0/denonext/iron-webcrypto.mjs": "7432b42df5208c6d6c9c5be75bc04799bb87cc4ee93c451197eb42f90bdf4ef2",
    "https://esm.sh/v135/ohash@1.1.3/denonext/ohash.mjs": "82faa3b3bac36beeb725dbd587ad4447e234431c65e03ffbc7fecfa3aa2598aa",
    "https://esm.sh/v135/radix3@1.1.0/denonext/radix3.mjs": "83f26e0ac0a11d4c1f659c6e80f1a7dba4cd8275fb0fbe48851f7c9ce348b4bf",
    "https://esm.sh/v135/ufo@1.4.0/denonext/ufo.mjs": "c90f45a2b16344e9b7441538581209628ac4631d6caf316dddfc8f5767297dc3",
    "https://esm.sh/v135/uncrypto@0.1.3/denonext/uncrypto.mjs": "3f679060ae6da59416ecc125dee58b63dcbb48d6ca175bb434a1ecfba331312e",
    "https://esm.sh/v135/unenv@1.9.0/denonext/runtime/_internal/utils.js": "b1869f882171bd988be3f04cd7fdaf091b568b637023d51d3da56de8f5b8bf46",
    "https://esm.sh/v135/unenv@1.9.0/denonext/runtime/node/events.js": "3c82ae56c4746d6448795e017cfad547b2d769377dd6d2244a78dee7a2975c43",
    "https://esm.sh/v135/unenv@1.9.0/denonext/runtime/node/events/_events.js": "70f3609cadb8242fcd494f444c1d03f0459452de5b9a7c813e1aa871e644480f",
    "https://esm.sh/v135/unenv@1.9.0/denonext/runtime/node/http/_request.js": "b0166b6ecc379fa5bfa6d0ff5dc24f2238811237a3fdde7104b829a6f0c957ed",
    "https://esm.sh/v135/unenv@1.9.0/denonext/runtime/node/http/_response.js": "e8a1f57cafed7d7ee926977b90f1202b98be3d7a5ba8b10f5601b742f9324ab8",
    "https://esm.sh/v135/unenv@1.9.0/denonext/runtime/node/net/socket.js": "c4d5c66e296a1fea6d69893d8a0a64cb2658a1f8cd6b25ae6f64e0cb988e7ae0",
    "https://esm.sh/v135/unenv@1.9.0/denonext/runtime/node/stream/duplex.js": "2ee11d2608114eed976926603586347c9cf04509d2c80460e69ba5e4e539cd93",
    "https://esm.sh/v135/unenv@1.9.0/denonext/runtime/node/stream/readable.js": "1b42e5784ea2f8faeaac0c907e7c2dcb744729c6cd4a4fe7e75baefac13d4b9b",
    "https://esm.sh/v135/unenv@1.9.0/denonext/runtime/node/stream/writable.js": "461f8efc5467ebb8473078e274cb5517616099d5e80efe2c01ed5ed3e7e4c7b1"
  },
  "workspace": {
    "dependencies": [
      "jsr:@oak/oak@14.2.0"
    ]
  }
}
