{
  "version": "3",
  "packages": {
    "specifiers": {
      "jsr:@hono/hono@4.4.12": "jsr:@hono/hono@4.4.12"
    },
    "jsr": {
      "@hono/hono@4.4.12": {
        "integrity": "75658e5402dc95df483a1961b8fb4ef73391a2c70109f97ad8e12d3b7b6f03c5"
      }
    }
  },
  "remote": {},
  "workspace": {
    "dependencies": [
      "jsr:@hono/hono@4.4.12"
    ]
  }
}
