{
  "name": "uws",
  "lockfileVersion": 3,
  "requires": true,
  "packages": {
    "": {
      "dependencies": {
        "uWebSockets.js": "github:uNetworking/uWebSockets.js#v20.44.0"
      }
    },
    "node_modules/uWebSockets.js": {
      "version": "20.43.0",
      "resolved": "git+ssh://git@github.com/uNetworking/uWebSockets.js.git#1977b5039938ad863d42fc4958d48c17e5a1fa06",
      "license": "Apache-2.0"
    }
  }
}
