{
  "name": "hono",
  "lockfileVersion": 3,
  "requires": true,
  "packages": {
    "": {
      "dependencies": {
        "@hono/node-server": "1.13.1",
        "hono": "4.6.3"
      }
    },
    "node_modules/@hono/node-server": {
      "version": "1.13.1",
      "resolved": "https://registry.npmjs.org/@hono/node-server/-/node-server-1.13.1.tgz",
      "integrity": "sha512-TSxE6cT5RHnawbjnveexVN7H2Dpn1YaLxQrCOLCUwD+hFbqbFsnJBgdWcYtASqtWVjA+Qgi8uqFug39GsHjo5A==",
      "license": "MIT",
      "engines": {
        "node": ">=18.14.1"
      },
      "peerDependencies": {
        "hono": "^4"
      }
    },
    "node_modules/hono": {
      "version": "4.6.3",
      "resolved": "https://registry.npmjs.org/hono/-/hono-4.6.3.tgz",
      "integrity": "sha512-0LeEuBNFeSHGqZ9sNVVgZjB1V5fmhkBSB0hZrpqStSMLOWgfLy0dHOvrjbJh0H2khsjet6rbHfWTHY0kpYThKQ==",
      "license": "MIT",
      "engines": {
        "node": ">=16.9.0"
      }
    }
  }
}
