{
  "name": "polka",
  "lockfileVersion": 3,
  "requires": true,
  "packages": {
    "": {
      "dependencies": {
        "polka": "1.0.0-next.28"
      }
    },
    "node_modules/@polka/url": {
      "version": "1.0.0-next.25",
      "resolved": "https://registry.npmjs.org/@polka/url/-/url-1.0.0-next.25.tgz",
      "integrity": "sha512-j7P6Rgr3mmtdkeDGTe0E/aYyWEWVtc5yFXtHCRHs28/jptDEWfaVOc5T7cblqy1XKPPfCxJc/8DwQ5YgLOZOVQ=="
    },
    "node_modules/polka": {
      "version": "1.0.0-next.28",
      "resolved": "https://registry.npmjs.org/polka/-/polka-1.0.0-next.28.tgz",
      "integrity": "sha512-ryc8D/B5E/YnlWHkNMnRvNntPc4GwU1/+iDBjiXVz1SUjDRqlxYX5Ic0IaDLA/cQ+g7/x+jUzEjv2K16u1J+wA==",
      "license": "MIT",
      "dependencies": {
        "@polka/url": "^1.0.0-next.21",
        "trouter": "^4.0.0"
      },
      "engines": {
        "node": ">=8"
      }
    },
    "node_modules/regexparam": {
      "version": "3.0.0",
      "resolved": "https://registry.npmjs.org/regexparam/-/regexparam-3.0.0.tgz",
      "integrity": "sha512-RSYAtP31mvYLkAHrOlh25pCNQ5hWnT106VukGaaFfuJrZFkGRX5GhUAdPqpSDXxOhA2c4akmRuplv1mRqnBn6Q==",
      "engines": {
        "node": ">=8"
      }
    },
    "node_modules/trouter": {
      "version": "4.0.0",
      "resolved": "https://registry.npmjs.org/trouter/-/trouter-4.0.0.tgz",
      "integrity": "sha512-bwwr76BThfiVwAFZqks5cJ+VoKNM3/2Yg1ZwJslkdmAUQ6S0UNoCoGYFDxdw+u1skfexggdmD2p35kW5Td4Cug==",
      "dependencies": {
        "regexparam": "^3.0.0"
      },
      "engines": {
        "node": ">=6"
      }
    }
  }
}
