{
  "version": "4",
  "specifiers": {
    "jsr:@std/async@*": "1.0.6",
    "jsr:@std/collections@^1.0.5": "1.0.8",
    "jsr:@std/path@*": "1.0.6",
    "jsr:@std/toml@*": "1.0.1"
  },
  "jsr": {
    "@std/async@1.0.6": {
      "integrity": "6d262156dd35c4a72ee1a2f8679be40264f370cfb92e2e13d4eca2ae05e16f34"
    },
    "@std/collections@1.0.8": {
      "integrity": "de76692f9121838711b1d2fb5042619c074db26905a87b58cff56cfe1bd6d6d0"
    },
    "@std/path@1.0.6": {
      "integrity": "ab2c55f902b380cf28e0eec501b4906e4c1960d13f00e11cfbcd21de15f18fed"
    },
    "@std/toml@1.0.1": {
      "integrity": "b55b407159930f338d384b1f8fd317c8e8a35e27ebb8946155f49e3a158d16c4",
      "dependencies": [
        "jsr:@std/collections"
      ]
    }
  }
}
